{
  "name": "Color Palettes",
  "lockfileVersion": 3,
  "requires": true,
  "packages": {
    "": {
      "dependencies": {
        "color-name-list": "^14.36.0"
      }
    },
    "node_modules/color-name-list": {
      "version": "14.36.0",
      "resolved": "https://registry.npmjs.org/color-name-list/-/color-name-list-14.36.0.tgz",
      "integrity": "sha512-+FAv6XNntXKvyQpk0ARKMqcvo54j2zMKY4zwW3uMPKV5kh5C23FQFVhmybqfTKRXaD6o+DYy8d/XZH7HVQchmQ==",
      "funding": [
        {
          "type": "ko-fi",
          "url": "https://ko-fi.com/colorparrot"
        },
        {
          "type": "github-sponsors",
          "url": "https://github.com/sponsors/meodai"
        }
      ],
      "license": "MIT",
      "engines": {
        "node": "^22.14.0 || >=24.10.0",
        "npm": ">=10.2.0"
      }
    }
  }
}
